
Microsoft Visual Studio Solution File, Format Version 12.00
Project("{FAE04EC0-301F-11D3-BF4B-00C04F79EFBC}") = "TestPlayground.Tests", "TestPlayground.Tests\TestPlayground.Tests.csproj", "{A6DC05F4-9A6B-424F-877C-7B17DAA7C2BC}"
EndProject
Global
	GlobalSection(SolutionConfigurationPlatforms) = preSolution
		Debug|Any CPU = Debug|Any CPU
		Release|Any CPU = Release|Any CPU
	EndGlobalSection
	GlobalSection(ProjectConfigurationPlatforms) = postSolution
		{A6DC05F4-9A6B-424F-877C-7B17DAA7C2BC}.Debug|Any CPU.ActiveCfg = Debug|Any CPU
		{A6DC05F4-9A6B-424F-877C-7B17DAA7C2BC}.Debug|Any CPU.Build.0 = Debug|Any CPU
		{A6DC05F4-9A6B-424F-877C-7B17DAA7C2BC}.Release|Any CPU.ActiveCfg = Release|Any CPU
		{A6DC05F4-9A6B-424F-877C-7B17DAA7C2BC}.Release|Any CPU.Build.0 = Release|Any CPU
	EndGlobalSection
EndGlobal
